{
    "_meta": {
        "hash": {
            "sha256": "e6d2d0194a7217938c475587169967ddba48051c7997af0be72baef2a628ddf1"
        },
        "pipfile-spec": 6,
        "requires": {
            "python_version": "3"
        },
        "sources": [
            {
                "name": "pypi",
                "url": "https://pypi.org/simple",
                "verify_ssl": true
            }
        ]
    },
    "default": {
        "simple-chalk": {
            "hashes": [
                "sha256:d80f55993dfa040c1b55d2fbfb925e4fbb5798c2934601aa448ef4a192d84196"
            ],
            "index": "pypi",
            "version": "==0.1.0"
        }
    },
    "develop": {}
}
